// !$*UTF8*$!
{
	archiveVersion = 1;
	classes = {
	};
	objectVersion = 48;
	objects = {

/* Begin PBXBuildFile section */
		3DD7629D1FDA660000BAF122 /* AppDelegate.swift in Sources */ = {isa = PBXBuildFile; fileRef = 3DD7629C1FDA660000BAF122 /* AppDelegate.swift */; };
		3DD7629F1FDA660000BAF122 /* MenuViewController.swift in Sources */ = {isa = PBXBuildFile; fileRef = 3DD7629E1FDA660000BAF122 /* MenuViewController.swift */; };
		3DD762A21FDA660000BAF122 /* Main.storyboard in Resources */ = {isa = PBXBuildFile; fileRef = 3DD762A01FDA660000BAF122 /* Main.storyboard */; };
		3DD762A41FDA660000BAF122 /* Assets.xcassets in Resources */ = {isa = PBXBuildFile; fileRef = 3DD762A31FDA660000BAF122 /* Assets.xcassets */; };
		3DD762A71FDA660000BAF122 /* LaunchScreen.storyboard in Resources */ = {isa = PBXBuildFile; fileRef = 3DD762A51FDA660000BAF122 /* LaunchScreen.storyboard */; };
		3DD762B31FDB974A00BAF122 /* PhotoFetchViewController.swift in Sources */ = {isa = PBXBuildFile; fileRef = 3DD762B21FDB974A00BAF122 /* PhotoFetchViewController.swift */; };
		3DD762B51FDB9FF100BAF122 /* FavoritesViewController.swift in Sources */ = {isa = PBXBuildFile; fileRef = 3DD762B41FDB9FF100BAF122 /* FavoritesViewController.swift */; };
		3DD762B71FDBA49100BAF122 /* PhotoIdentificationViewController.swift in Sources */ = {isa = PBXBuildFile; fileRef = 3DD762B61FDBA49100BAF122 /* PhotoIdentificationViewController.swift */; };
/* End PBXBuildFile section */

/* Begin PBXFileReference section */
		3DD762991FDA660000BAF122 /* WhatIsThat.app */ = {isa = PBXFileReference; explicitFileType = wrapper.application; includeInIndex = 0; path = WhatIsThat.app; sourceTree = BUILT_PRODUCTS_DIR; };
		3DD7629C1FDA660000BAF122 /* AppDelegate.swift */ = {isa = PBXFileReference; lastKnownFileType = sourcecode.swift; path = AppDelegate.swift; sourceTree = "<group>"; };
		3DD7629E1FDA660000BAF122 /* MenuViewController.swift */ = {isa = PBXFileReference; lastKnownFileType = sourcecode.swift; path = MenuViewController.swift; sourceTree = "<group>"; };
		3DD762A11FDA660000BAF122 /* Base */ = {isa = PBXFileReference; lastKnownFileType = file.storyboard; name = Base; path = Base.lproj/Main.storyboard; sourceTree = "<group>"; };
		3DD762A31FDA660000BAF122 /* Assets.xcassets */ = {isa = PBXFileReference; lastKnownFileType = folder.assetcatalog; path = Assets.xcassets; sourceTree = "<group>"; };
		3DD762A61FDA660000BAF122 /* Base */ = {isa = PBXFileReference; lastKnownFileType = file.storyboard; name = Base; path = Base.lproj/LaunchScreen.storyboard; sourceTree = "<group>"; };
		3DD762A81FDA660000BAF122 /* Info.plist */ = {isa = PBXFileReference; lastKnownFileType = text.plist.xml; path = Info.plist; sourceTree = "<group>"; };
		3DD762B21FDB974A00BAF122 /* PhotoFetchViewController.swift */ = {isa = PBXFileReference; lastKnownFileType = sourcecode.swift; path = PhotoFetchViewController.swift; sourceTree = "<group>"; };
		3DD762B41FDB9FF100BAF122 /* FavoritesViewController.swift */ = {isa = PBXFileReference; lastKnownFileType = sourcecode.swift; path = FavoritesViewController.swift; sourceTree = "<group>"; };
		3DD762B61FDBA49100BAF122 /* PhotoIdentificationViewController.swift */ = {isa = PBXFileReference; lastKnownFileType = sourcecode.swift; path = PhotoIdentificationViewController.swift; sourceTree = "<group>"; };
/* End PBXFileReference section */

/* Begin PBXFrameworksBuildPhase section */
		3DD762961FDA660000BAF122 /* Frameworks */ = {
			isa = PBXFrameworksBuildPhase;
			buildActionMask = 2147483647;
			files = (
			);
			runOnlyForDeploymentPostprocessing = 0;
		};
/* End PBXFrameworksBuildPhase section */

/* Begin PBXGroup section */
		3DD762901FDA660000BAF122 = {
			isa = PBXGroup;
			children = (
				3DD7629B1FDA660000BAF122 /* WhatIsThat */,
				3DD7629A1FDA660000BAF122 /* Products */,
			);
			sourceTree = "<group>";
		};
		3DD7629A1FDA660000BAF122 /* Products */ = {
			isa = PBXGroup;
			children = (
				3DD762991FDA660000BAF122 /* WhatIsThat.app */,
			);
			name = Products;
			sourceTree = "<group>";
		};
		3DD7629B1FDA660000BAF122 /* WhatIsThat */ = {
			isa = PBXGroup;
			children = (
				3DD7629C1FDA660000BAF122 /* AppDelegate.swift */,
				3DD762A81FDA660000BAF122 /* Info.plist */,
				3DD762AE1FDB903000BAF122 /* utils */,
				3DD762AF1FDB905C00BAF122 /* models */,
				3DD762B01FDB906D00BAF122 /* views */,
				3DD762B11FDB907900BAF122 /* view controllers */,
			);
			path = WhatIsThat;
			sourceTree = "<group>";
		};
		3DD762AE1FDB903000BAF122 /* utils */ = {
			isa = PBXGroup;
			children = (
			);
			path = utils;
			sourceTree = "<group>";
		};
		3DD762AF1FDB905C00BAF122 /* models */ = {
			isa = PBXGroup;
			children = (
			);
			path = models;
			sourceTree = "<group>";
		};
		3DD762B01FDB906D00BAF122 /* views */ = {
			isa = PBXGroup;
			children = (
				3DD762A51FDA660000BAF122 /* LaunchScreen.storyboard */,
				3DD762A01FDA660000BAF122 /* Main.storyboard */,
				3DD762A31FDA660000BAF122 /* Assets.xcassets */,
			);
			path = views;
			sourceTree = "<group>";
		};
		3DD762B11FDB907900BAF122 /* view controllers */ = {
			isa = PBXGroup;
			children = (
				3DD7629E1FDA660000BAF122 /* MenuViewController.swift */,
				3DD762B21FDB974A00BAF122 /* PhotoFetchViewController.swift */,
				3DD762B41FDB9FF100BAF122 /* FavoritesViewController.swift */,
				3DD762B61FDBA49100BAF122 /* PhotoIdentificationViewController.swift */,
			);
			path = "view controllers";
			sourceTree = "<group>";
		};
/* End PBXGroup section */

/* Begin PBXNativeTarget section */
		3DD762981FDA660000BAF122 /* WhatIsThat */ = {
			isa = PBXNativeTarget;
			buildConfigurationList = 3DD762AB1FDA660000BAF122 /* Build configuration list for PBXNativeTarget "WhatIsThat" */;
			buildPhases = (
				3DD762951FDA660000BAF122 /* Sources */,
				3DD762961FDA660000BAF122 /* Frameworks */,
				3DD762971FDA660000BAF122 /* Resources */,
			);
			buildRules = (
			);
			dependencies = (
			);
			name = WhatIsThat;
			productName = WhatIsThat;
			productReference = 3DD762991FDA660000BAF122 /* WhatIsThat.app */;
			productType = "com.apple.product-type.application";
		};
/* End PBXNativeTarget section */

/* Begin PBXProject section */
		3DD762911FDA660000BAF122 /* Project object */ = {
			isa = PBXProject;
			attributes = {
				LastSwiftUpdateCheck = 0920;
				LastUpgradeCheck = 0920;
				ORGANIZATIONNAME = gwu;
				TargetAttributes = {
					3DD762981FDA660000BAF122 = {
						CreatedOnToolsVersion = 9.2;
						ProvisioningStyle = Automatic;
					};
				};
			};
			buildConfigurationList = 3DD762941FDA660000BAF122 /* Build configuration list for PBXProject "WhatIsThat" */;
			compatibilityVersion = "Xcode 8.0";
			developmentRegion = en;
			hasScannedForEncodings = 0;
			knownRegions = (
				en,
				Base,
			);
			mainGroup = 3DD762901FDA660000BAF122;
			productRefGroup = 3DD7629A1FDA660000BAF122 /* Products */;
			projectDirPath = "";
			projectRoot = "";
			targets = (
				3DD762981FDA660000BAF122 /* WhatIsThat */,
			);
		};
/* End PBXProject section */

/* Begin PBXResourcesBuildPhase section */
		3DD762971FDA660000BAF122 /* Resources */ = {
			isa = PBXResourcesBuildPhase;
			buildActionMask = 2147483647;
			files = (
				3DD762A71FDA660000BAF122 /* LaunchScreen.storyboard in Resources */,
				3DD762A41FDA660000BAF122 /* Assets.xcassets in Resources */,
				3DD762A21FDA660000BAF122 /* Main.storyboard in Resources */,
			);
			runOnlyForDeploymentPostprocessing = 0;
		};
/* End PBXResourcesBuildPhase section */

/* Begin PBXSourcesBuildPhase section */
		3DD762951FDA660000BAF122 /* Sources */ = {
			isa = PBXSourcesBuildPhase;
			buildActionMask = 2147483647;
			files = (
				3DD7629F1FDA660000BAF122 /* MenuViewController.swift in Sources */,
				3DD762B71FDBA49100BAF122 /* PhotoIdentificationViewController.swift in Sources */,
				3DD762B31FDB974A00BAF122 /* PhotoFetchViewController.swift in Sources */,
				3DD762B51FDB9FF100BAF122 /* FavoritesViewController.swift in Sources */,
				3DD7629D1FDA660000BAF122 /* AppDelegate.swift in Sources */,
			);
			runOnlyForDeploymentPostprocessing = 0;
		};
/* End PBXSourcesBuildPhase section */

/* Begin PBXVariantGroup section */
		3DD762A01FDA660000BAF122 /* Main.storyboard */ = {
			isa = PBXVariantGroup;
			children = (
				3DD762A11FDA660000BAF122 /* Base */,
			);
			name = Main.storyboard;
			sourceTree = "<group>";
		};
		3DD762A51FDA660000BAF122 /* LaunchScreen.storyboard */ = {
			isa = PBXVariantGroup;
			children = (
				3DD762A61FDA660000BAF122 /* Base */,
			);
			name = LaunchScreen.storyboard;
			sourceTree = "<group>";
		};
/* End PBXVariantGroup section */

/* Begin XCBuildConfiguration section */
		3DD762A91FDA660000BAF122 /* Debug */ = {
			isa = XCBuildConfiguration;
			buildSettings = {
				ALWAYS_SEARCH_USER_PATHS = NO;
				CLANG_ANALYZER_NONNULL = YES;
				CLANG_ANALYZER_NUMBER_OBJECT_CONVERSION = YES_AGGRESSIVE;
				CLANG_CXX_LANGUAGE_STANDARD = "gnu++14";
				CLANG_CXX_LIBRARY = "libc++";
				CLANG_ENABLE_MODULES = YES;
				CLANG_ENABLE_OBJC_ARC = YES;
				CLANG_WARN_BLOCK_CAPTURE_AUTORELEASING = YES;
				CLANG_WARN_BOOL_CONVERSION = YES;
				CLANG_WARN_COMMA = YES;
				CLANG_WARN_CONSTANT_CONVERSION = YES;
				CLANG_WARN_DIRECT_OBJC_ISA_USAGE = YES_ERROR;
				CLANG_WARN_DOCUMENTATION_COMMENTS = YES;
				CLANG_WARN_EMPTY_BODY = YES;
				CLANG_WARN_ENUM_CONVERSION = YES;
				CLANG_WARN_INFINITE_RECURSION = YES;
				CLANG_WARN_INT_CONVERSION = YES;
				CLANG_WARN_NON_LITERAL_NULL_CONVERSION = YES;
				CLANG_WARN_OBJC_LITERAL_CONVERSION = YES;
				CLANG_WARN_OBJC_ROOT_CLASS = YES_ERROR;
				CLANG_WARN_RANGE_LOOP_ANALYSIS = YES;
				CLANG_WARN_STRICT_PROTOTYPES = YES;
				CLANG_WARN_SUSPICIOUS_MOVE = YES;
				CLANG_WARN_UNGUARDED_AVAILABILITY = YES_AGGRESSIVE;
				CLANG_WARN_UNREACHABLE_CODE = YES;
				CLANG_WARN__DUPLICATE_METHOD_MATCH = YES;
				CODE_SIGN_IDENTITY = "iPhone Developer";
				COPY_PHASE_STRIP = NO;
				DEBUG_INFORMATION_FORMAT = dwarf;
				ENABLE_STRICT_OBJC_MSGSEND = YES;
				ENABLE_TESTABILITY = YES;
				GCC_C_LANGUAGE_STANDARD = gnu11;
				GCC_DYNAMIC_NO_PIC = NO;
				GCC_NO_COMMON_BLOCKS = YES;
				GCC_OPTIMIZATION_LEVEL = 0;
				GCC_PREPROCESSOR_DEFINITIONS = (
					"DEBUG=1",
					"$(inherited)",
				);
				GCC_WARN_64_TO_32_BIT_CONVERSION = YES;
				GCC_WARN_ABOUT_RETURN_TYPE = YES_ERROR;
				GCC_WARN_UNDECLARED_SELECTOR = YES;
				GCC_WARN_UNINITIALIZED_AUTOS = YES_AGGRESSIVE;
				GCC_WARN_UNUSED_FUNCTION = YES;
				GCC_WARN_UNUSED_VARIABLE = YES;
				IPHONEOS_DEPLOYMENT_TARGET = 11.2;
				MTL_ENABLE_DEBUG_INFO = YES;
				ONLY_ACTIVE_ARCH = YES;
				SDKROOT = iphoneos;
				SWIFT_ACTIVE_COMPILATION_CONDITIONS = DEBUG;
				SWIFT_OPTIMIZATION_LEVEL = "-Onone";
			};
			name = Debug;
		};
		3DD762AA1FDA660000BAF122 /* Release */ = {
			isa = XCBuildConfiguration;
			buildSettings = {
				ALWAYS_SEARCH_USER_PATHS = NO;
				CLANG_ANALYZER_NONNULL = YES;
				CLANG_ANALYZER_NUMBER_OBJECT_CONVERSION = YES_AGGRESSIVE;
				CLANG_CXX_LANGUAGE_STANDARD = "gnu++14";
				CLANG_CXX_LIBRARY = "libc++";
				CLANG_ENABLE_MODULES = YES;
				CLANG_ENABLE_OBJC_ARC = YES;
				CLANG_WARN_BLOCK_CAPTURE_AUTORELEASING = YES;
				CLANG_WARN_BOOL_CONVERSION = YES;
				CLANG_WARN_COMMA = YES;
				CLANG_WARN_CONSTANT_CONVERSION = YES;
				CLANG_WARN_DIRECT_OBJC_ISA_USAGE = YES_ERROR;
				CLANG_WARN_DOCUMENTATION_COMMENTS = YES;
				CLANG_WARN_EMPTY_BODY = YES;
				CLANG_WARN_ENUM_CONVERSION = YES;
				CLANG_WARN_INFINITE_RECURSION = YES;
				CLANG_WARN_INT_CONVERSION = YES;
				CLANG_WARN_NON_LITERAL_NULL_CONVERSION = YES;
				CLANG_WARN_OBJC_LITERAL_CONVERSION = YES;
				CLANG_WARN_OBJC_ROOT_CLASS = YES_ERROR;
				CLANG_WARN_RANGE_LOOP_ANALYSIS = YES;
				CLANG_WARN_STRICT_PROTOTYPES = YES;
				CLANG_WARN_SUSPICIOUS_MOVE = YES;
				CLANG_WARN_UNGUARDED_AVAILABILITY = YES_AGGRESSIVE;
				CLANG_WARN_UNREACHABLE_CODE = YES;
				CLANG_WARN__DUPLICATE_METHOD_MATCH = YES;
				CODE_SIGN_IDENTITY = "iPhone Developer";
				COPY_PHASE_STRIP = NO;
				DEBUG_INFORMATION_FORMAT = "dwarf-with-dsym";
				ENABLE_NS_ASSERTIONS = NO;
				ENABLE_STRICT_OBJC_MSGSEND = YES;
				GCC_C_LANGUAGE_STANDARD = gnu11;
				GCC_NO_COMMON_BLOCKS = YES;
				GCC_WARN_64_TO_32_BIT_CONVERSION = YES;
				GCC_WARN_ABOUT_RETURN_TYPE = YES_ERROR;
				GCC_WARN_UNDECLARED_SELECTOR = YES;
				GCC_WARN_UNINITIALIZED_AUTOS = YES_AGGRESSIVE;
				GCC_WARN_UNUSED_FUNCTION = YES;
				GCC_WARN_UNUSED_VARIABLE = YES;
				IPHONEOS_DEPLOYMENT_TARGET = 11.2;
				MTL_ENABLE_DEBUG_INFO = NO;
				SDKROOT = iphoneos;
				SWIFT_OPTIMIZATION_LEVEL = "-Owholemodule";
				VALIDATE_PRODUCT = YES;
			};
			name = Release;
		};
		3DD762AC1FDA660000BAF122 /* Debug */ = {
			isa = XCBuildConfiguration;
			buildSettings = {
				ASSETCATALOG_COMPILER_APPICON_NAME = AppIcon;
				CODE_SIGN_STYLE = Automatic;
				INFOPLIST_FILE = WhatIsThat/Info.plist;
				LD_RUNPATH_SEARCH_PATHS = "$(inherited) @executable_path/Frameworks";
				PRODUCT_BUNDLE_IDENTIFIER = edu.gwu.WhatIsThat;
				PRODUCT_NAME = "$(TARGET_NAME)";
				SWIFT_VERSION = 4.0;
				TARGETED_DEVICE_FAMILY = "1,2";
			};
			name = Debug;
		};
		3DD762AD1FDA660000BAF122 /* Release */ = {
			isa = XCBuildConfiguration;
			buildSettings = {
				ASSETCATALOG_COMPILER_APPICON_NAME = AppIcon;
				CODE_SIGN_STYLE = Automatic;
				INFOPLIST_FILE = WhatIsThat/Info.plist;
				LD_RUNPATH_SEARCH_PATHS = "$(inherited) @executable_path/Frameworks";
				PRODUCT_BUNDLE_IDENTIFIER = edu.gwu.WhatIsThat;
				PRODUCT_NAME = "$(TARGET_NAME)";
				SWIFT_VERSION = 4.0;
				TARGETED_DEVICE_FAMILY = "1,2";
			};
			name = Release;
		};
/* End XCBuildConfiguration section */

/* Begin XCConfigurationList section */
		3DD762941FDA660000BAF122 /* Build configuration list for PBXProject "WhatIsThat" */ = {
			isa = XCConfigurationList;
			buildConfigurations = (
				3DD762A91FDA660000BAF122 /* Debug */,
				3DD762AA1FDA660000BAF122 /* Release */,
			);
			defaultConfigurationIsVisible = 0;
			defaultConfigurationName = Release;
		};
		3DD762AB1FDA660000BAF122 /* Build configuration list for PBXNativeTarget "WhatIsThat" */ = {
			isa = XCConfigurationList;
			buildConfigurations = (
				3DD762AC1FDA660000BAF122 /* Debug */,
				3DD762AD1FDA660000BAF122 /* Release */,
			);
			defaultConfigurationIsVisible = 0;
			defaultConfigurationName = Release;
		};
/* End XCConfigurationList section */
	};
	rootObject = 3DD762911FDA660000BAF122 /* Project object */;
}
